// !$*UTF8*$!
{
	archiveVersion = 1;
	classes = {
	};
	objectVersion = 77;
	objects = {

/* Begin PBXBuildFile section */
		D8FDB71F2F38E44400E38FD5 /* whisper.xcframework in Frameworks */ = {isa = PBXBuildFile; fileRef = D8FDB71A2F38E3C600E38FD5 /* whisper.xcframework */; };
		D8FDB7202F38E44400E38FD5 /* whisper.xcframework in Embed Frameworks */ = {isa = PBXBuildFile; fileRef = D8FDB71A2F38E3C600E38FD5 /* whisper.xcframework */; settings = {ATTRIBUTES = (CodeSignOnCopy, RemoveHeadersOnCopy, ); }; };
		D8FDB8092F38ED5500E38FD5 /* AWSBedrockRuntime in Frameworks */ = {isa = PBXBuildFile; productRef = D8FDB8082F38ED5500E38FD5 /* AWSBedrockRuntime */; };
		D8FDB80B2F38ED5500E38FD5 /* AWSSDKIdentity in Frameworks */ = {isa = PBXBuildFile; productRef = D8FDB80A2F38ED5500E38FD5 /* AWSSDKIdentity */; };
/* End PBXBuildFile section */

/* Begin PBXContainerItemProxy section */
		D8FDB6FD2F38E1C600E38FD5 /* PBXContainerItemProxy */ = {
			isa = PBXContainerItemProxy;
			containerPortal = D8FDB6E52F38E1C500E38FD5 /* Project object */;
			proxyType = 1;
			remoteGlobalIDString = D8FDB6EC2F38E1C500E38FD5;
			remoteInfo = "podcast-maker";
		};
		D8FDB7072F38E1C600E38FD5 /* PBXContainerItemProxy */ = {
			isa = PBXContainerItemProxy;
			containerPortal = D8FDB6E52F38E1C500E38FD5 /* Project object */;
			proxyType = 1;
			remoteGlobalIDString = D8FDB6EC2F38E1C500E38FD5;
			remoteInfo = "podcast-maker";
		};
/* End PBXContainerItemProxy section */

/* Begin PBXCopyFilesBuildPhase section */
		D8FDB7212F38E44400E38FD5 /* Embed Frameworks */ = {
			isa = PBXCopyFilesBuildPhase;
			buildActionMask = 2147483647;
			dstPath = "";
			dstSubfolderSpec = 10;
			files = (
				D8FDB7202F38E44400E38FD5 /* whisper.xcframework in Embed Frameworks */,
			);
			name = "Embed Frameworks";
			runOnlyForDeploymentPostprocessing = 0;
		};
/* End PBXCopyFilesBuildPhase section */

/* Begin PBXFileReference section */
		D8FDB6ED2F38E1C500E38FD5 /* podcast-maker.app */ = {isa = PBXFileReference; explicitFileType = wrapper.application; includeInIndex = 0; path = "podcast-maker.app"; sourceTree = BUILT_PRODUCTS_DIR; };
		D8FDB6FC2F38E1C600E38FD5 /* podcast-makerTests.xctest */ = {isa = PBXFileReference; explicitFileType = wrapper.cfbundle; includeInIndex = 0; path = "podcast-makerTests.xctest"; sourceTree = BUILT_PRODUCTS_DIR; };
		D8FDB7062F38E1C600E38FD5 /* podcast-makerUITests.xctest */ = {isa = PBXFileReference; explicitFileType = wrapper.cfbundle; includeInIndex = 0; path = "podcast-makerUITests.xctest"; sourceTree = BUILT_PRODUCTS_DIR; };
		D8FDB71A2F38E3C600E38FD5 /* whisper.xcframework */ = {isa = PBXFileReference; lastKnownFileType = wrapper.xcframework; path = whisper.xcframework; sourceTree = "<group>"; };
/* End PBXFileReference section */

/* Begin PBXFileSystemSynchronizedRootGroup section */
		D8FDB6EF2F38E1C500E38FD5 /* podcast-maker */ = {
			isa = PBXFileSystemSynchronizedRootGroup;
			path = "podcast-maker";
			sourceTree = "<group>";
		};
		D8FDB6FF2F38E1C600E38FD5 /* podcast-makerTests */ = {
			isa = PBXFileSystemSynchronizedRootGroup;
			path = "podcast-makerTests";
			sourceTree = "<group>";
		};
		D8FDB7092F38E1C600E38FD5 /* podcast-makerUITests */ = {
			isa = PBXFileSystemSynchronizedRootGroup;
			path = "podcast-makerUITests";
			sourceTree = "<group>";
		};
/* End PBXFileSystemSynchronizedRootGroup section */

/* Begin PBXFrameworksBuildPhase section */
		D8FDB6EA2F38E1C500E38FD5 /* Frameworks */ = {
			isa = PBXFrameworksBuildPhase;
			buildActionMask = 2147483647;
			files = (
				D8FDB8092F38ED5500E38FD5 /* AWSBedrockRuntime in Frameworks */,
				D8FDB80B2F38ED5500E38FD5 /* AWSSDKIdentity in Frameworks */,
				D8FDB71F2F38E44400E38FD5 /* whisper.xcframework in Frameworks */,
			);
			runOnlyForDeploymentPostprocessing = 0;
		};
		D8FDB6F92F38E1C600E38FD5 /* Frameworks */ = {
			isa = PBXFrameworksBuildPhase;
			buildActionMask = 2147483647;
			files = (
			);
			runOnlyForDeploymentPostprocessing = 0;
		};
		D8FDB7032F38E1C600E38FD5 /* Frameworks */ = {
			isa = PBXFrameworksBuildPhase;
			buildActionMask = 2147483647;
			files = (
			);
			runOnlyForDeploymentPostprocessing = 0;
		};
/* End PBXFrameworksBuildPhase section */

/* Begin PBXGroup section */
		D8FDB6E42F38E1C500E38FD5 = {
			isa = PBXGroup;
			children = (
				D8FDB7192F38E3AD00E38FD5 /* Frameworks */,
				D8FDB6EF2F38E1C500E38FD5 /* podcast-maker */,
				D8FDB6FF2F38E1C600E38FD5 /* podcast-makerTests */,
				D8FDB7092F38E1C600E38FD5 /* podcast-makerUITests */,
				D8FDB6EE2F38E1C500E38FD5 /* Products */,
			);
			sourceTree = "<group>";
		};
		D8FDB6EE2F38E1C500E38FD5 /* Products */ = {
			isa = PBXGroup;
			children = (
				D8FDB6ED2F38E1C500E38FD5 /* podcast-maker.app */,
				D8FDB6FC2F38E1C600E38FD5 /* podcast-makerTests.xctest */,
				D8FDB7062F38E1C600E38FD5 /* podcast-makerUITests.xctest */,
			);
			name = Products;
			sourceTree = "<group>";
		};
		D8FDB7192F38E3AD00E38FD5 /* Frameworks */ = {
			isa = PBXGroup;
			children = (
				D8FDB71A2F38E3C600E38FD5 /* whisper.xcframework */,
			);
			path = Frameworks;
			sourceTree = "<group>";
		};
/* End PBXGroup section */

/* Begin PBXNativeTarget section */
		D8FDB6EC2F38E1C500E38FD5 /* podcast-maker */ = {
			isa = PBXNativeTarget;
			buildConfigurationList = D8FDB7102F38E1C600E38FD5 /* Build configuration list for PBXNativeTarget "podcast-maker" */;
			buildPhases = (
				D8FDB6E92F38E1C500E38FD5 /* Sources */,
				D8FDB6EA2F38E1C500E38FD5 /* Frameworks */,
				D8FDB6EB2F38E1C500E38FD5 /* Resources */,
				D8FDB7212F38E44400E38FD5 /* Embed Frameworks */,
			);
			buildRules = (
			);
			dependencies = (
			);
			fileSystemSynchronizedGroups = (
				D8FDB6EF2F38E1C500E38FD5 /* podcast-maker */,
			);
			name = "podcast-maker";
			packageProductDependencies = (
				D8FDB8082F38ED5500E38FD5 /* AWSBedrockRuntime */,
				D8FDB80A2F38ED5500E38FD5 /* AWSSDKIdentity */,
			);
			productName = "podcast-maker";
			productReference = D8FDB6ED2F38E1C500E38FD5 /* podcast-maker.app */;
			productType = "com.apple.product-type.application";
		};
		D8FDB6FB2F38E1C600E38FD5 /* podcast-makerTests */ = {
			isa = PBXNativeTarget;
			buildConfigurationList = D8FDB7132F38E1C600E38FD5 /* Build configuration list for PBXNativeTarget "podcast-makerTests" */;
			buildPhases = (
				D8FDB6F82F38E1C600E38FD5 /* Sources */,
				D8FDB6F92F38E1C600E38FD5 /* Frameworks */,
				D8FDB6FA2F38E1C600E38FD5 /* Resources */,
			);
			buildRules = (
			);
			dependencies = (
				D8FDB6FE2F38E1C600E38FD5 /* PBXTargetDependency */,
			);
			fileSystemSynchronizedGroups = (
				D8FDB6FF2F38E1C600E38FD5 /* podcast-makerTests */,
			);
			name = "podcast-makerTests";
			packageProductDependencies = (
			);
			productName = "podcast-makerTests";
			productReference = D8FDB6FC2F38E1C600E38FD5 /* podcast-makerTests.xctest */;
			productType = "com.apple.product-type.bundle.unit-test";
		};
		D8FDB7052F38E1C600E38FD5 /* podcast-makerUITests */ = {
			isa = PBXNativeTarget;
			buildConfigurationList = D8FDB7162F38E1C600E38FD5 /* Build configuration list for PBXNativeTarget "podcast-makerUITests" */;
			buildPhases = (
				D8FDB7022F38E1C600E38FD5 /* Sources */,
				D8FDB7032F38E1C600E38FD5 /* Frameworks */,
				D8FDB7042F38E1C600E38FD5 /* Resources */,
			);
			buildRules = (
			);
			dependencies = (
				D8FDB7082F38E1C600E38FD5 /* PBXTargetDependency */,
			);
			fileSystemSynchronizedGroups = (
				D8FDB7092F38E1C600E38FD5 /* podcast-makerUITests */,
			);
			name = "podcast-makerUITests";
			packageProductDependencies = (
			);
			productName = "podcast-makerUITests";
			productReference = D8FDB7062F38E1C600E38FD5 /* podcast-makerUITests.xctest */;
			productType = "com.apple.product-type.bundle.ui-testing";
		};
/* End PBXNativeTarget section */

/* Begin PBXProject section */
		D8FDB6E52F38E1C500E38FD5 /* Project object */ = {
			isa = PBXProject;
			attributes = {
				BuildIndependentTargetsInParallel = 1;
				LastSwiftUpdateCheck = 2620;
				LastUpgradeCheck = 2620;
				TargetAttributes = {
					D8FDB6EC2F38E1C500E38FD5 = {
						CreatedOnToolsVersion = 26.2;
					};
					D8FDB6FB2F38E1C600E38FD5 = {
						CreatedOnToolsVersion = 26.2;
						TestTargetID = D8FDB6EC2F38E1C500E38FD5;
					};
					D8FDB7052F38E1C600E38FD5 = {
						CreatedOnToolsVersion = 26.2;
						TestTargetID = D8FDB6EC2F38E1C500E38FD5;
					};
				};
			};
			buildConfigurationList = D8FDB6E82F38E1C500E38FD5 /* Build configuration list for PBXProject "podcast-maker" */;
			developmentRegion = en;
			hasScannedForEncodings = 0;
			knownRegions = (
				en,
				Base,
			);
			mainGroup = D8FDB6E42F38E1C500E38FD5;
			minimizedProjectReferenceProxies = 1;
			packageReferences = (
				D8FDB8072F38ED5500E38FD5 /* XCRemoteSwiftPackageReference "aws-sdk-swift" */,
			);
			preferredProjectObjectVersion = 77;
			productRefGroup = D8FDB6EE2F38E1C500E38FD5 /* Products */;
			projectDirPath = "";
			projectRoot = "";
			targets = (
				D8FDB6EC2F38E1C500E38FD5 /* podcast-maker */,
				D8FDB6FB2F38E1C600E38FD5 /* podcast-makerTests */,
				D8FDB7052F38E1C600E38FD5 /* podcast-makerUITests */,
			);
		};
/* End PBXProject section */

/* Begin PBXResourcesBuildPhase section */
		D8FDB6EB2F38E1C500E38FD5 /* Resources */ = {
			isa = PBXResourcesBuildPhase;
			buildActionMask = 2147483647;
			files = (
			);
			runOnlyForDeploymentPostprocessing = 0;
		};
		D8FDB6FA2F38E1C600E38FD5 /* Resources */ = {
			isa = PBXResourcesBuildPhase;
			buildActionMask = 2147483647;
			files = (
			);
			runOnlyForDeploymentPostprocessing = 0;
		};
		D8FDB7042F38E1C600E38FD5 /* Resources */ = {
			isa = PBXResourcesBuildPhase;
			buildActionMask = 2147483647;
			files = (
			);
			runOnlyForDeploymentPostprocessing = 0;
		};
/* End PBXResourcesBuildPhase section */

/* Begin PBXSourcesBuildPhase section */
		D8FDB6E92F38E1C500E38FD5 /* Sources */ = {
			isa = PBXSourcesBuildPhase;
			buildActionMask = 2147483647;
			files = (
			);
			runOnlyForDeploymentPostprocessing = 0;
		};
		D8FDB6F82F38E1C600E38FD5 /* Sources */ = {
			isa = PBXSourcesBuildPhase;
			buildActionMask = 2147483647;
			files = (
			);
			runOnlyForDeploymentPostprocessing = 0;
		};
		D8FDB7022F38E1C600E38FD5 /* Sources */ = {
			isa = PBXSourcesBuildPhase;
			buildActionMask = 2147483647;
			files = (
			);
			runOnlyForDeploymentPostprocessing = 0;
		};
/* End PBXSourcesBuildPhase section */

/* Begin PBXTargetDependency section */
		D8FDB6FE2F38E1C600E38FD5 /* PBXTargetDependency */ = {
			isa = PBXTargetDependency;
			target = D8FDB6EC2F38E1C500E38FD5 /* podcast-maker */;
			targetProxy = D8FDB6FD2F38E1C600E38FD5 /* PBXContainerItemProxy */;
		};
		D8FDB7082F38E1C600E38FD5 /* PBXTargetDependency */ = {
			isa = PBXTargetDependency;
			target = D8FDB6EC2F38E1C500E38FD5 /* podcast-maker */;
			targetProxy = D8FDB7072F38E1C600E38FD5 /* PBXContainerItemProxy */;
		};
/* End PBXTargetDependency section */

/* Begin XCBuildConfiguration section */
		D8FDB70E2F38E1C600E38FD5 /* Debug */ = {
			isa = XCBuildConfiguration;
			buildSettings = {
				ALWAYS_SEARCH_USER_PATHS = NO;
				ASSETCATALOG_COMPILER_GENERATE_SWIFT_ASSET_SYMBOL_EXTENSIONS = YES;
				CLANG_ANALYZER_NONNULL = YES;
				CLANG_ANALYZER_NUMBER_OBJECT_CONVERSION = YES_AGGRESSIVE;
				CLANG_CXX_LANGUAGE_STANDARD = "gnu++20";
				CLANG_ENABLE_MODULES = YES;
				CLANG_ENABLE_OBJC_ARC = YES;
				CLANG_ENABLE_OBJC_WEAK = YES;
				CLANG_WARN_BLOCK_CAPTURE_AUTORELEASING = YES;
				CLANG_WARN_BOOL_CONVERSION = YES;
				CLANG_WARN_COMMA = YES;
				CLANG_WARN_CONSTANT_CONVERSION = YES;
				CLANG_WARN_DEPRECATED_OBJC_IMPLEMENTATIONS = YES;
				CLANG_WARN_DIRECT_OBJC_ISA_USAGE = YES_ERROR;
				CLANG_WARN_DOCUMENTATION_COMMENTS = YES;
				CLANG_WARN_EMPTY_BODY = YES;
				CLANG_WARN_ENUM_CONVERSION = YES;
				CLANG_WARN_INFINITE_RECURSION = YES;
				CLANG_WARN_INT_CONVERSION = YES;
				CLANG_WARN_NON_LITERAL_NULL_CONVERSION = YES;
				CLANG_WARN_OBJC_IMPLICIT_RETAIN_SELF = YES;
				CLANG_WARN_OBJC_LITERAL_CONVERSION = YES;
				CLANG_WARN_OBJC_ROOT_CLASS = YES_ERROR;
				CLANG_WARN_QUOTED_INCLUDE_IN_FRAMEWORK_HEADER = YES;
				CLANG_WARN_RANGE_LOOP_ANALYSIS = YES;
				CLANG_WARN_STRICT_PROTOTYPES = YES;
				CLANG_WARN_SUSPICIOUS_MOVE = YES;
				CLANG_WARN_UNGUARDED_AVAILABILITY = YES_AGGRESSIVE;
				CLANG_WARN_UNREACHABLE_CODE = YES;
				CLANG_WARN__DUPLICATE_METHOD_MATCH = YES;
				COPY_PHASE_STRIP = NO;
				DEBUG_INFORMATION_FORMAT = dwarf;
				ENABLE_STRICT_OBJC_MSGSEND = YES;
				ENABLE_TESTABILITY = YES;
				ENABLE_USER_SCRIPT_SANDBOXING = YES;
				GCC_C_LANGUAGE_STANDARD = gnu17;
				GCC_DYNAMIC_NO_PIC = NO;
				GCC_NO_COMMON_BLOCKS = YES;
				GCC_OPTIMIZATION_LEVEL = 0;
				GCC_PREPROCESSOR_DEFINITIONS = (
					"DEBUG=1",
					"$(inherited)",
				);
				GCC_WARN_64_TO_32_BIT_CONVERSION = YES;
				GCC_WARN_ABOUT_RETURN_TYPE = YES_ERROR;
				GCC_WARN_UNDECLARED_SELECTOR = YES;
				GCC_WARN_UNINITIALIZED_AUTOS = YES_AGGRESSIVE;
				GCC_WARN_UNUSED_FUNCTION = YES;
				GCC_WARN_UNUSED_VARIABLE = YES;
				LOCALIZATION_PREFERS_STRING_CATALOGS = YES;
				MTL_ENABLE_DEBUG_INFO = INCLUDE_SOURCE;
				MTL_FAST_MATH = YES;
				ONLY_ACTIVE_ARCH = YES;
				SWIFT_ACTIVE_COMPILATION_CONDITIONS = "DEBUG $(inherited)";
				SWIFT_OPTIMIZATION_LEVEL = "-Onone";
			};
			name = Debug;
		};
		D8FDB70F2F38E1C600E38FD5 /* Release */ = {
			isa = XCBuildConfiguration;
			buildSettings = {
				ALWAYS_SEARCH_USER_PATHS = NO;
				ASSETCATALOG_COMPILER_GENERATE_SWIFT_ASSET_SYMBOL_EXTENSIONS = YES;
				CLANG_ANALYZER_NONNULL = YES;
				CLANG_ANALYZER_NUMBER_OBJECT_CONVERSION = YES_AGGRESSIVE;
				CLANG_CXX_LANGUAGE_STANDARD = "gnu++20";
				CLANG_ENABLE_MODULES = YES;
				CLANG_ENABLE_OBJC_ARC = YES;
				CLANG_ENABLE_OBJC_WEAK = YES;
				CLANG_WARN_BLOCK_CAPTURE_AUTORELEASING = YES;
				CLANG_WARN_BOOL_CONVERSION = YES;
				CLANG_WARN_COMMA = YES;
				CLANG_WARN_CONSTANT_CONVERSION = YES;
				CLANG_WARN_DEPRECATED_OBJC_IMPLEMENTATIONS = YES;
				CLANG_WARN_DIRECT_OBJC_ISA_USAGE = YES_ERROR;
				CLANG_WARN_DOCUMENTATION_COMMENTS = YES;
				CLANG_WARN_EMPTY_BODY = YES;
				CLANG_WARN_ENUM_CONVERSION = YES;
				CLANG_WARN_INFINITE_RECURSION = YES;
				CLANG_WARN_INT_CONVERSION = YES;
				CLANG_WARN_NON_LITERAL_NULL_CONVERSION = YES;
				CLANG_WARN_OBJC_IMPLICIT_RETAIN_SELF = YES;
				CLANG_WARN_OBJC_LITERAL_CONVERSION = YES;
				CLANG_WARN_OBJC_ROOT_CLASS = YES_ERROR;
				CLANG_WARN_QUOTED_INCLUDE_IN_FRAMEWORK_HEADER = YES;
				CLANG_WARN_RANGE_LOOP_ANALYSIS = YES;
				CLANG_WARN_STRICT_PROTOTYPES = YES;
				CLANG_WARN_SUSPICIOUS_MOVE = YES;
				CLANG_WARN_UNGUARDED_AVAILABILITY = YES_AGGRESSIVE;
				CLANG_WARN_UNREACHABLE_CODE = YES;
				CLANG_WARN__DUPLICATE_METHOD_MATCH = YES;
				COPY_PHASE_STRIP = NO;
				DEBUG_INFORMATION_FORMAT = "dwarf-with-dsym";
				ENABLE_NS_ASSERTIONS = NO;
				ENABLE_STRICT_OBJC_MSGSEND = YES;
				ENABLE_USER_SCRIPT_SANDBOXING = YES;
				GCC_C_LANGUAGE_STANDARD = gnu17;
				GCC_NO_COMMON_BLOCKS = YES;
				GCC_WARN_64_TO_32_BIT_CONVERSION = YES;
				GCC_WARN_ABOUT_RETURN_TYPE = YES_ERROR;
				GCC_WARN_UNDECLARED_SELECTOR = YES;
				GCC_WARN_UNINITIALIZED_AUTOS = YES_AGGRESSIVE;
				GCC_WARN_UNUSED_FUNCTION = YES;
				GCC_WARN_UNUSED_VARIABLE = YES;
				LOCALIZATION_PREFERS_STRING_CATALOGS = YES;
				MTL_ENABLE_DEBUG_INFO = NO;
				MTL_FAST_MATH = YES;
				SWIFT_COMPILATION_MODE = wholemodule;
			};
			name = Release;
		};
		D8FDB7112F38E1C600E38FD5 /* Debug */ = {
			isa = XCBuildConfiguration;
			buildSettings = {
				ASSETCATALOG_COMPILER_APPICON_NAME = AppIcon;
				ASSETCATALOG_COMPILER_GLOBAL_ACCENT_COLOR_NAME = AccentColor;
				CODE_SIGN_STYLE = Automatic;
				CURRENT_PROJECT_VERSION = 1;
				ENABLE_APP_SANDBOX = NO;
				ENABLE_DEBUG_DYLIB = YES;
				ENABLE_OUTGOING_NETWORK_CONNECTIONS = YES;
				ENABLE_PREVIEWS = YES;
				ENABLE_USER_SELECTED_FILES = readonly;
				GENERATE_INFOPLIST_FILE = YES;
				INFOPLIST_KEY_LSUIElement = YES;
				INFOPLIST_KEY_NSMicrophoneUsageDescription = "録音と文字起こしのためにマイクを使用します。";
				LD_RUNPATH_SEARCH_PATHS = "@executable_path/Frameworks";
				"LD_RUNPATH_SEARCH_PATHS[sdk=macosx*]" = "@executable_path/../Frameworks";
				MACOSX_DEPLOYMENT_TARGET = 26.2;
				MARKETING_VERSION = 1.0;
				PRODUCT_BUNDLE_IDENTIFIER = "io.github.statiolake.podcast-maker";
				PRODUCT_NAME = "$(TARGET_NAME)";
				REGISTER_APP_GROUPS = YES;
				SDKROOT = auto;
				STRING_CATALOG_GENERATE_SYMBOLS = YES;
				SUPPORTED_PLATFORMS = macosx;
				SWIFT_APPROACHABLE_CONCURRENCY = YES;
				SWIFT_DEFAULT_ACTOR_ISOLATION = MainActor;
				SWIFT_EMIT_LOC_STRINGS = YES;
				SWIFT_UPCOMING_FEATURE_MEMBER_IMPORT_VISIBILITY = YES;
				SWIFT_VERSION = 5.0;
			};
			name = Debug;
		};
		D8FDB7122F38E1C600E38FD5 /* Release */ = {
			isa = XCBuildConfiguration;
			buildSettings = {
				ASSETCATALOG_COMPILER_APPICON_NAME = AppIcon;
				ASSETCATALOG_COMPILER_GLOBAL_ACCENT_COLOR_NAME = AccentColor;
				CODE_SIGN_STYLE = Automatic;
				CURRENT_PROJECT_VERSION = 1;
				ENABLE_APP_SANDBOX = NO;
				ENABLE_DEBUG_DYLIB = YES;
				ENABLE_OUTGOING_NETWORK_CONNECTIONS = YES;
				ENABLE_PREVIEWS = YES;
				ENABLE_USER_SELECTED_FILES = readonly;
				GENERATE_INFOPLIST_FILE = YES;
				INFOPLIST_KEY_LSUIElement = YES;
				INFOPLIST_KEY_NSMicrophoneUsageDescription = "録音と文字起こしのためにマイクを使用します。";
				LD_RUNPATH_SEARCH_PATHS = "@executable_path/Frameworks";
				"LD_RUNPATH_SEARCH_PATHS[sdk=macosx*]" = "@executable_path/../Frameworks";
				MACOSX_DEPLOYMENT_TARGET = 26.2;
				MARKETING_VERSION = 1.0;
				PRODUCT_BUNDLE_IDENTIFIER = "io.github.statiolake.podcast-maker";
				PRODUCT_NAME = "$(TARGET_NAME)";
				REGISTER_APP_GROUPS = YES;
				SDKROOT = auto;
				STRING_CATALOG_GENERATE_SYMBOLS = YES;
				SUPPORTED_PLATFORMS = macosx;
				SWIFT_APPROACHABLE_CONCURRENCY = YES;
				SWIFT_DEFAULT_ACTOR_ISOLATION = MainActor;
				SWIFT_EMIT_LOC_STRINGS = YES;
				SWIFT_UPCOMING_FEATURE_MEMBER_IMPORT_VISIBILITY = YES;
				SWIFT_VERSION = 5.0;
			};
			name = Release;
		};
		D8FDB7142F38E1C600E38FD5 /* Debug */ = {
			isa = XCBuildConfiguration;
			buildSettings = {
				BUNDLE_LOADER = "$(TEST_HOST)";
				CODE_SIGN_STYLE = Automatic;
				CURRENT_PROJECT_VERSION = 1;
				GENERATE_INFOPLIST_FILE = YES;
				IPHONEOS_DEPLOYMENT_TARGET = 26.2;
				MACOSX_DEPLOYMENT_TARGET = 26.2;
				MARKETING_VERSION = 1.0;
				PRODUCT_BUNDLE_IDENTIFIER = "io.github.statiolake.podcast-makerTests";
				PRODUCT_NAME = "$(TARGET_NAME)";
				SDKROOT = auto;
				STRING_CATALOG_GENERATE_SYMBOLS = NO;
				SUPPORTED_PLATFORMS = "iphoneos iphonesimulator macosx xros xrsimulator";
				SWIFT_APPROACHABLE_CONCURRENCY = YES;
				SWIFT_EMIT_LOC_STRINGS = NO;
				SWIFT_UPCOMING_FEATURE_MEMBER_IMPORT_VISIBILITY = YES;
				SWIFT_VERSION = 5.0;
				TARGETED_DEVICE_FAMILY = "1,2,7";
				TEST_HOST = "$(BUILT_PRODUCTS_DIR)/podcast-maker.app/$(BUNDLE_EXECUTABLE_FOLDER_PATH)/podcast-maker";
				XROS_DEPLOYMENT_TARGET = 26.2;
			};
			name = Debug;
		};
		D8FDB7152F38E1C600E38FD5 /* Release */ = {
			isa = XCBuildConfiguration;
			buildSettings = {
				BUNDLE_LOADER = "$(TEST_HOST)";
				CODE_SIGN_STYLE = Automatic;
				CURRENT_PROJECT_VERSION = 1;
				GENERATE_INFOPLIST_FILE = YES;
				IPHONEOS_DEPLOYMENT_TARGET = 26.2;
				MACOSX_DEPLOYMENT_TARGET = 26.2;
				MARKETING_VERSION = 1.0;
				PRODUCT_BUNDLE_IDENTIFIER = "io.github.statiolake.podcast-makerTests";
				PRODUCT_NAME = "$(TARGET_NAME)";
				SDKROOT = auto;
				STRING_CATALOG_GENERATE_SYMBOLS = NO;
				SUPPORTED_PLATFORMS = "iphoneos iphonesimulator macosx xros xrsimulator";
				SWIFT_APPROACHABLE_CONCURRENCY = YES;
				SWIFT_EMIT_LOC_STRINGS = NO;
				SWIFT_UPCOMING_FEATURE_MEMBER_IMPORT_VISIBILITY = YES;
				SWIFT_VERSION = 5.0;
				TARGETED_DEVICE_FAMILY = "1,2,7";
				TEST_HOST = "$(BUILT_PRODUCTS_DIR)/podcast-maker.app/$(BUNDLE_EXECUTABLE_FOLDER_PATH)/podcast-maker";
				XROS_DEPLOYMENT_TARGET = 26.2;
			};
			name = Release;
		};
		D8FDB7172F38E1C600E38FD5 /* Debug */ = {
			isa = XCBuildConfiguration;
			buildSettings = {
				CODE_SIGN_STYLE = Automatic;
				CURRENT_PROJECT_VERSION = 1;
				GENERATE_INFOPLIST_FILE = YES;
				IPHONEOS_DEPLOYMENT_TARGET = 26.2;
				MACOSX_DEPLOYMENT_TARGET = 26.2;
				MARKETING_VERSION = 1.0;
				PRODUCT_BUNDLE_IDENTIFIER = "io.github.statiolake.podcast-makerUITests";
				PRODUCT_NAME = "$(TARGET_NAME)";
				SDKROOT = auto;
				STRING_CATALOG_GENERATE_SYMBOLS = NO;
				SUPPORTED_PLATFORMS = "iphoneos iphonesimulator macosx xros xrsimulator";
				SWIFT_APPROACHABLE_CONCURRENCY = YES;
				SWIFT_EMIT_LOC_STRINGS = NO;
				SWIFT_UPCOMING_FEATURE_MEMBER_IMPORT_VISIBILITY = YES;
				SWIFT_VERSION = 5.0;
				TARGETED_DEVICE_FAMILY = "1,2,7";
				TEST_TARGET_NAME = "podcast-maker";
				XROS_DEPLOYMENT_TARGET = 26.2;
			};
			name = Debug;
		};
		D8FDB7182F38E1C600E38FD5 /* Release */ = {
			isa = XCBuildConfiguration;
			buildSettings = {
				CODE_SIGN_STYLE = Automatic;
				CURRENT_PROJECT_VERSION = 1;
				GENERATE_INFOPLIST_FILE = YES;
				IPHONEOS_DEPLOYMENT_TARGET = 26.2;
				MACOSX_DEPLOYMENT_TARGET = 26.2;
				MARKETING_VERSION = 1.0;
				PRODUCT_BUNDLE_IDENTIFIER = "io.github.statiolake.podcast-makerUITests";
				PRODUCT_NAME = "$(TARGET_NAME)";
				SDKROOT = auto;
				STRING_CATALOG_GENERATE_SYMBOLS = NO;
				SUPPORTED_PLATFORMS = "iphoneos iphonesimulator macosx xros xrsimulator";
				SWIFT_APPROACHABLE_CONCURRENCY = YES;
				SWIFT_EMIT_LOC_STRINGS = NO;
				SWIFT_UPCOMING_FEATURE_MEMBER_IMPORT_VISIBILITY = YES;
				SWIFT_VERSION = 5.0;
				TARGETED_DEVICE_FAMILY = "1,2,7";
				TEST_TARGET_NAME = "podcast-maker";
				XROS_DEPLOYMENT_TARGET = 26.2;
			};
			name = Release;
		};
/* End XCBuildConfiguration section */

/* Begin XCConfigurationList section */
		D8FDB6E82F38E1C500E38FD5 /* Build configuration list for PBXProject "podcast-maker" */ = {
			isa = XCConfigurationList;
			buildConfigurations = (
				D8FDB70E2F38E1C600E38FD5 /* Debug */,
				D8FDB70F2F38E1C600E38FD5 /* Release */,
			);
			defaultConfigurationIsVisible = 0;
			defaultConfigurationName = Release;
		};
		D8FDB7102F38E1C600E38FD5 /* Build configuration list for PBXNativeTarget "podcast-maker" */ = {
			isa = XCConfigurationList;
			buildConfigurations = (
				D8FDB7112F38E1C600E38FD5 /* Debug */,
				D8FDB7122F38E1C600E38FD5 /* Release */,
			);
			defaultConfigurationIsVisible = 0;
			defaultConfigurationName = Release;
		};
		D8FDB7132F38E1C600E38FD5 /* Build configuration list for PBXNativeTarget "podcast-makerTests" */ = {
			isa = XCConfigurationList;
			buildConfigurations = (
				D8FDB7142F38E1C600E38FD5 /* Debug */,
				D8FDB7152F38E1C600E38FD5 /* Release */,
			);
			defaultConfigurationIsVisible = 0;
			defaultConfigurationName = Release;
		};
		D8FDB7162F38E1C600E38FD5 /* Build configuration list for PBXNativeTarget "podcast-makerUITests" */ = {
			isa = XCConfigurationList;
			buildConfigurations = (
				D8FDB7172F38E1C600E38FD5 /* Debug */,
				D8FDB7182F38E1C600E38FD5 /* Release */,
			);
			defaultConfigurationIsVisible = 0;
			defaultConfigurationName = Release;
		};
/* End XCConfigurationList section */

/* Begin XCRemoteSwiftPackageReference section */
		D8FDB8072F38ED5500E38FD5 /* XCRemoteSwiftPackageReference "aws-sdk-swift" */ = {
			isa = XCRemoteSwiftPackageReference;
			repositoryURL = "https://github.com/awslabs/aws-sdk-swift.git";
			requirement = {
				kind = upToNextMajorVersion;
				minimumVersion = 1.6.50;
			};
		};
/* End XCRemoteSwiftPackageReference section */

/* Begin XCSwiftPackageProductDependency section */
		D8FDB8082F38ED5500E38FD5 /* AWSBedrockRuntime */ = {
			isa = XCSwiftPackageProductDependency;
			package = D8FDB8072F38ED5500E38FD5 /* XCRemoteSwiftPackageReference "aws-sdk-swift" */;
			productName = AWSBedrockRuntime;
		};
		D8FDB80A2F38ED5500E38FD5 /* AWSSDKIdentity */ = {
			isa = XCSwiftPackageProductDependency;
			package = D8FDB8072F38ED5500E38FD5 /* XCRemoteSwiftPackageReference "aws-sdk-swift" */;
			productName = AWSSDKIdentity;
		};
/* End XCSwiftPackageProductDependency section */
	};
	rootObject = D8FDB6E52F38E1C500E38FD5 /* Project object */;
}
